
Microsoft Visual Studio Solution File, Format Version 12.00
# Visual Studio Version 17
VisualStudioVersion = 17.2.32630.192
MinimumVisualStudioVersion = 10.0.40219.1
Project("{FAE04EC0-301F-11D3-BF4B-00C04F79EFBC}") = "FileUpload", "FileUpload\FileUpload.csproj", "{12C8C959-1916-4126-9155-079015E0DEE5}"
EndProject
Project("{FAE04EC0-301F-11D3-BF4B-00C04F79EFBC}") = "AjaxControl", "AjaxControl\AjaxControl.csproj", "{59D6B332-E55A-4D82-BA63-51A7178B95B7}"
EndProject
Project("{FAE04EC0-301F-11D3-BF4B-00C04F79EFBC}") = "PageLifeCycle", "PageLifeCycle\PageLifeCycle.csproj", "{04482E38-154A-4F40-8E4E-578AD3738C71}"
EndProject
Project("{FAE04EC0-301F-11D3-BF4B-00C04F79EFBC}") = "TestPageLifeCycle", "TestPageLifeCycle\TestPageLifeCycle.csproj", "{29B11B39-F510-4814-A6E2-53FA338F7FED}"
EndProject
Global
	GlobalSection(SolutionConfigurationPlatforms) = preSolution
		Debug|Any CPU = Debug|Any CPU
		Release|Any CPU = Release|Any CPU
	EndGlobalSection
	GlobalSection(ProjectConfigurationPlatforms) = postSolution
		{12C8C959-1916-4126-9155-079015E0DEE5}.Debug|Any CPU.ActiveCfg = Debug|Any CPU
		{12C8C959-1916-4126-9155-079015E0DEE5}.Debug|Any CPU.Build.0 = Debug|Any CPU
		{12C8C959-1916-4126-9155-079015E0DEE5}.Release|Any CPU.ActiveCfg = Release|Any CPU
		{12C8C959-1916-4126-9155-079015E0DEE5}.Release|Any CPU.Build.0 = Release|Any CPU
		{59D6B332-E55A-4D82-BA63-51A7178B95B7}.Debug|Any CPU.ActiveCfg = Debug|Any CPU
		{59D6B332-E55A-4D82-BA63-51A7178B95B7}.Debug|Any CPU.Build.0 = Debug|Any CPU
		{59D6B332-E55A-4D82-BA63-51A7178B95B7}.Release|Any CPU.ActiveCfg = Release|Any CPU
		{59D6B332-E55A-4D82-BA63-51A7178B95B7}.Release|Any CPU.Build.0 = Release|Any CPU
		{04482E38-154A-4F40-8E4E-578AD3738C71}.Debug|Any CPU.ActiveCfg = Debug|Any CPU
		{04482E38-154A-4F40-8E4E-578AD3738C71}.Debug|Any CPU.Build.0 = Debug|Any CPU
		{04482E38-154A-4F40-8E4E-578AD3738C71}.Release|Any CPU.ActiveCfg = Release|Any CPU
		{04482E38-154A-4F40-8E4E-578AD3738C71}.Release|Any CPU.Build.0 = Release|Any CPU
		{29B11B39-F510-4814-A6E2-53FA338F7FED}.Debug|Any CPU.ActiveCfg = Debug|Any CPU
		{29B11B39-F510-4814-A6E2-53FA338F7FED}.Debug|Any CPU.Build.0 = Debug|Any CPU
		{29B11B39-F510-4814-A6E2-53FA338F7FED}.Release|Any CPU.ActiveCfg = Release|Any CPU
		{29B11B39-F510-4814-A6E2-53FA338F7FED}.Release|Any CPU.Build.0 = Release|Any CPU
	EndGlobalSection
	GlobalSection(SolutionProperties) = preSolution
		HideSolutionNode = FALSE
	EndGlobalSection
	GlobalSection(ExtensibilityGlobals) = postSolution
		SolutionGuid = {A5030C52-6490-46C6-B0D9-E2CDF8C88B9D}
	EndGlobalSection
EndGlobal
